
Microsoft Visual Studio Solution File, Format Version 10.00
# Visual Studio 2008
Project("{E24C65DC-7377-472B-9ABA-BC803B73C61A}") = "XT.Client", "XT.Client\", "{CE2495CD-066D-40C9-8303-A5FD476E0BA6}"
	ProjectSection(WebsiteProperties) = preProject
		TargetFramework = "2.0"
		ProjectReferences = "{ED0A2FB5-FC27-4287-845A-1429DA22ABF3}|XD.Tools.dll;{6D4B54A1-7957-4A06-91A1-D1D78524EC18}|XD.NoSql.dll;"
		Debug.AspNetCompiler.VirtualPath = "/XT.Client"
		Debug.AspNetCompiler.PhysicalPath = "XT.Client\"
		Debug.AspNetCompiler.TargetPath = "PrecompiledWeb\XT.Client\"
		Debug.AspNetCompiler.Updateable = "true"
		Debug.AspNetCompiler.ForceOverwrite = "true"
		Debug.AspNetCompiler.FixedNames = "false"
		Debug.AspNetCompiler.Debug = "True"
		Release.AspNetCompiler.VirtualPath = "/XT.Client"
		Release.AspNetCompiler.PhysicalPath = "XT.Client\"
		Release.AspNetCompiler.TargetPath = "PrecompiledWeb\XT.Client\"
		Release.AspNetCompiler.Updateable = "true"
		Release.AspNetCompiler.ForceOverwrite = "true"
		Release.AspNetCompiler.FixedNames = "false"
		Release.AspNetCompiler.Debug = "False"
		VWDPort = "2826"
		DefaultWebSiteLanguage = "Visual C#"
	EndProjectSection
EndProject
Project("{FAE04EC0-301F-11D3-BF4B-00C04F79EFBC}") = "XD.NoSql", "XD.NoSql\XD.NoSql.csproj", "{6D4B54A1-7957-4A06-91A1-D1D78524EC18}"
EndProject
Global
	GlobalSection(SolutionConfigurationPlatforms) = preSolution
		Debug|Any CPU = Debug|Any CPU
		Release|Any CPU = Release|Any CPU
	EndGlobalSection
	GlobalSection(ProjectConfigurationPlatforms) = postSolution
		{CE2495CD-066D-40C9-8303-A5FD476E0BA6}.Debug|Any CPU.ActiveCfg = Debug|Any CPU
		{CE2495CD-066D-40C9-8303-A5FD476E0BA6}.Debug|Any CPU.Build.0 = Debug|Any CPU
		{CE2495CD-066D-40C9-8303-A5FD476E0BA6}.Release|Any CPU.ActiveCfg = Debug|Any CPU
		{CE2495CD-066D-40C9-8303-A5FD476E0BA6}.Release|Any CPU.Build.0 = Debug|Any CPU
		{6D4B54A1-7957-4A06-91A1-D1D78524EC18}.Debug|Any CPU.ActiveCfg = Debug|Any CPU
		{6D4B54A1-7957-4A06-91A1-D1D78524EC18}.Debug|Any CPU.Build.0 = Debug|Any CPU
		{6D4B54A1-7957-4A06-91A1-D1D78524EC18}.Release|Any CPU.ActiveCfg = Release|Any CPU
		{6D4B54A1-7957-4A06-91A1-D1D78524EC18}.Release|Any CPU.Build.0 = Release|Any CPU
	EndGlobalSection
	GlobalSection(SolutionProperties) = preSolution
		HideSolutionNode = FALSE
	EndGlobalSection
	GlobalSection(DPCodeReviewSolutionGUID) = preSolution
		DPCodeReviewSolutionGUID = {00000000-0000-0000-0000-000000000000}
	EndGlobalSection
EndGlobal
