
Microsoft Visual Studio Solution File, Format Version 10.00
# Visual Studio 2008
Project("{E24C65DC-7377-472B-9ABA-BC803B73C61A}") = "XD.bootstrap", "XD.bootstrap\", "{5F183E8E-CC19-4318-AE61-EA325E5A3DF2}"
	ProjectSection(WebsiteProperties) = preProject
		TargetFramework = "3.5"
		Debug.AspNetCompiler.VirtualPath = "/XD.bootstrap"
		Debug.AspNetCompiler.PhysicalPath = "XD.bootstrap\"
		Debug.AspNetCompiler.TargetPath = "PrecompiledWeb\XD.bootstrap\"
		Debug.AspNetCompiler.Updateable = "true"
		Debug.AspNetCompiler.ForceOverwrite = "true"
		Debug.AspNetCompiler.FixedNames = "false"
		Debug.AspNetCompiler.Debug = "True"
		Release.AspNetCompiler.VirtualPath = "/XD.bootstrap"
		Release.AspNetCompiler.PhysicalPath = "XD.bootstrap\"
		Release.AspNetCompiler.TargetPath = "PrecompiledWeb\XD.bootstrap\"
		Release.AspNetCompiler.Updateable = "true"
		Release.AspNetCompiler.ForceOverwrite = "true"
		Release.AspNetCompiler.FixedNames = "false"
		Release.AspNetCompiler.Debug = "False"
		VWDPort = "3961"
	EndProjectSection
EndProject
Global
	GlobalSection(SolutionConfigurationPlatforms) = preSolution
		Debug|Any CPU = Debug|Any CPU
	EndGlobalSection
	GlobalSection(ProjectConfigurationPlatforms) = postSolution
		{5F183E8E-CC19-4318-AE61-EA325E5A3DF2}.Debug|Any CPU.ActiveCfg = Debug|Any CPU
		{5F183E8E-CC19-4318-AE61-EA325E5A3DF2}.Debug|Any CPU.Build.0 = Debug|Any CPU
	EndGlobalSection
	GlobalSection(SolutionProperties) = preSolution
		HideSolutionNode = FALSE
	EndGlobalSection
	GlobalSection(DPCodeReviewSolutionGUID) = preSolution
		DPCodeReviewSolutionGUID = {00000000-0000-0000-0000-000000000000}
	EndGlobalSection
EndGlobal
